
Microsoft Visual Studio Solution File, Format Version 12.00
# Visual Studio 15
VisualStudioVersion = 15.0.28307.136
MinimumVisualStudioVersion = 10.0.40219.1
Project("{FAE04EC0-301F-11D3-BF4B-00C04F79EFBC}") = "Calculator", "Calculator\Calculator.csproj", "{C681D80E-E84E-4476-B663-D8402D0E4A74}"
EndProject
Project("{FAE04EC0-301F-11D3-BF4B-00C04F79EFBC}") = "Evaluation", "Evaluation\Evaluation.csproj", "{D28E3E81-E825-4EF1-B2E1-EDA2D29463B1}"
EndProject
Project("{FAE04EC0-301F-11D3-BF4B-00C04F79EFBC}") = "Chemistry", "Chemistry\Chemistry.csproj", "{57738287-1CDF-499D-A21A-FA8EE768B22F}"
EndProject
Global
	GlobalSection(SolutionConfigurationPlatforms) = preSolution
		Debug|Any CPU = Debug|Any CPU
		Release|Any CPU = Release|Any CPU
	EndGlobalSection
	GlobalSection(ProjectConfigurationPlatforms) = postSolution
		{C681D80E-E84E-4476-B663-D8402D0E4A74}.Debug|Any CPU.ActiveCfg = Debug|Any CPU
		{C681D80E-E84E-4476-B663-D8402D0E4A74}.Debug|Any CPU.Build.0 = Debug|Any CPU
		{C681D80E-E84E-4476-B663-D8402D0E4A74}.Release|Any CPU.ActiveCfg = Release|Any CPU
		{C681D80E-E84E-4476-B663-D8402D0E4A74}.Release|Any CPU.Build.0 = Release|Any CPU
		{D28E3E81-E825-4EF1-B2E1-EDA2D29463B1}.Debug|Any CPU.ActiveCfg = Debug|Any CPU
		{D28E3E81-E825-4EF1-B2E1-EDA2D29463B1}.Debug|Any CPU.Build.0 = Debug|Any CPU
		{D28E3E81-E825-4EF1-B2E1-EDA2D29463B1}.Release|Any CPU.ActiveCfg = Release|Any CPU
		{D28E3E81-E825-4EF1-B2E1-EDA2D29463B1}.Release|Any CPU.Build.0 = Release|Any CPU
		{57738287-1CDF-499D-A21A-FA8EE768B22F}.Debug|Any CPU.ActiveCfg = Debug|Any CPU
		{57738287-1CDF-499D-A21A-FA8EE768B22F}.Debug|Any CPU.Build.0 = Debug|Any CPU
		{57738287-1CDF-499D-A21A-FA8EE768B22F}.Release|Any CPU.ActiveCfg = Release|Any CPU
		{57738287-1CDF-499D-A21A-FA8EE768B22F}.Release|Any CPU.Build.0 = Release|Any CPU
	EndGlobalSection
	GlobalSection(SolutionProperties) = preSolution
		HideSolutionNode = FALSE
	EndGlobalSection
	GlobalSection(ExtensibilityGlobals) = postSolution
		SolutionGuid = {7C20D528-6DAA-43E8-A2B8-7C6467EE3013}
	EndGlobalSection
EndGlobal
